
Microsoft Visual Studio Solution File, Format Version 12.00
# Visual Studio Version 16
VisualStudioVersion = 16.0.30204.135
MinimumVisualStudioVersion = 10.0.40219.1
Project("{2150E333-8FDC-42A3-9474-1A3956D46DE8}") = "Services", "Services", "{2F2CC098-2824-441E-9122-CE2A893BD35D}"
EndProject
Project("{FAE04EC0-301F-11D3-BF4B-00C04F79EFBC}") = "UserService", "Services\UserService\UserService.csproj", "{57E38E67-C667-41E5-95C2-98D2DC3E50EA}"
EndProject
Project("{9A19103F-16F7-4668-BE54-9A1E7A4F7556}") = "ProjectService", "Services\ProjectService\ProjectService.csproj", "{1F659D47-7DCA-4805-B42A-7FB9DC714DA7}"
EndProject
Global
	GlobalSection(SolutionConfigurationPlatforms) = preSolution
		Debug|Any CPU = Debug|Any CPU
		Release|Any CPU = Release|Any CPU
	EndGlobalSection
	GlobalSection(ProjectConfigurationPlatforms) = postSolution
		{57E38E67-C667-41E5-95C2-98D2DC3E50EA}.Debug|Any CPU.ActiveCfg = Debug|Any CPU
		{57E38E67-C667-41E5-95C2-98D2DC3E50EA}.Debug|Any CPU.Build.0 = Debug|Any CPU
		{57E38E67-C667-41E5-95C2-98D2DC3E50EA}.Release|Any CPU.ActiveCfg = Release|Any CPU
		{57E38E67-C667-41E5-95C2-98D2DC3E50EA}.Release|Any CPU.Build.0 = Release|Any CPU
		{1F659D47-7DCA-4805-B42A-7FB9DC714DA7}.Debug|Any CPU.ActiveCfg = Debug|Any CPU
		{1F659D47-7DCA-4805-B42A-7FB9DC714DA7}.Debug|Any CPU.Build.0 = Debug|Any CPU
		{1F659D47-7DCA-4805-B42A-7FB9DC714DA7}.Release|Any CPU.ActiveCfg = Release|Any CPU
		{1F659D47-7DCA-4805-B42A-7FB9DC714DA7}.Release|Any CPU.Build.0 = Release|Any CPU
	EndGlobalSection
	GlobalSection(SolutionProperties) = preSolution
		HideSolutionNode = FALSE
	EndGlobalSection
	GlobalSection(NestedProjects) = preSolution
		{57E38E67-C667-41E5-95C2-98D2DC3E50EA} = {2F2CC098-2824-441E-9122-CE2A893BD35D}
		{1F659D47-7DCA-4805-B42A-7FB9DC714DA7} = {2F2CC098-2824-441E-9122-CE2A893BD35D}
	EndGlobalSection
	GlobalSection(ExtensibilityGlobals) = postSolution
		SolutionGuid = {0C79446D-BC27-4CF7-A8BE-68A6288E404E}
	EndGlobalSection
EndGlobal
