
Microsoft Visual Studio Solution File, Format Version 12.00
# Visual Studio Version 16
VisualStudioVersion = 16.0.30204.135
MinimumVisualStudioVersion = 10.0.40219.1
Project("{2150E333-8FDC-42A3-9474-1A3956D46DE8}") = "Services", "Services", "{7A10A936-5C0A-476A-AFC4-C5CF8457BBE0}"
EndProject
Project("{9A19103F-16F7-4668-BE54-9A1E7A4F7556}") = "UserService", "Services\UserService\UserService.csproj", "{57E38E67-C667-41E5-95C2-98D2DC3E50EA}"
EndProject
Project("{9A19103F-16F7-4668-BE54-9A1E7A4F7556}") = "ProjectService", "Services\ProjectService\ProjectService.csproj", "{1F659D47-7DCA-4805-B42A-7FB9DC714DA7}"
EndProject
Project("{9A19103F-16F7-4668-BE54-9A1E7A4F7556}") = "CheckRightsService", "Services\CheckRightsService\CheckRightsService.csproj", "{F7F15F96-8BC1-4303-BEC0-F88BA921A7C5}"
EndProject
Project("{9A19103F-16F7-4668-BE54-9A1E7A4F7556}") = "FileService", "Services\FileService\FileService.csproj", "{D61F4DF8-DAA4-4051-A232-89299CA3FD49}"
EndProject
Project("{9A19103F-16F7-4668-BE54-9A1E7A4F7556}") = "TimeManagementService", "Services\TimeManagementService\TimeManagementService.csproj", "{BFEC18E6-CA3F-42AC-AB32-AEBA70AB9603}"
EndProject
Project("{2150E333-8FDC-42A3-9474-1A3956D46DE8}") = "Tests", "Tests", "{726AAF26-0B24-4525-99A3-955F0E354C71}"
EndProject
Project("{9A19103F-16F7-4668-BE54-9A1E7A4F7556}") = "CheckRightsServiceUnitTests", "Tests\CheckRightsServiceTests\CheckRightsServiceUnitTests.csproj", "{B1995E22-8ED7-4C89-97CE-B062533E5BE8}"
EndProject
Project("{9A19103F-16F7-4668-BE54-9A1E7A4F7556}") = "UserServiceUnitTests", "Tests\UserServiceTests\UserServiceUnitTests.csproj", "{3F5D097A-C4C9-4D65-9602-9FC2A423D800}"
EndProject
Project("{9A19103F-16F7-4668-BE54-9A1E7A4F7556}") = "FileServiceUnitTests", "Tests\FileServiceTests\FileServiceUnitTests.csproj", "{7AC1DFDB-F57C-43CB-B86C-1BCBB6AA448B}"
EndProject
Project("{9A19103F-16F7-4668-BE54-9A1E7A4F7556}") = "ProjectServiceUnitTests", "Tests\ProjectServiceTests\ProjectServiceUnitTests.csproj", "{757BF6BC-D97D-45EA-A36E-B5854BB5801F}"
EndProject
Project("{9A19103F-16F7-4668-BE54-9A1E7A4F7556}") = "TimeManagementServiceUnitTests", "Tests\TimeManagementServiceTests\TimeManagementServiceUnitTests.csproj", "{6E0BD608-AEBA-4881-BFBE-331EDC17202B}"
EndProject
Project("{9A19103F-16F7-4668-BE54-9A1E7A4F7556}") = "CompanyServiceUnitTests", "Tests\CompanyServiceTests\CompanyServiceUnitTests.csproj", "{1FC00E13-79AD-429A-862B-7F14A6975B4D}"
EndProject
Project("{9A19103F-16F7-4668-BE54-9A1E7A4F7556}") = "CompanyService", "Services\CompanyService\CompanyService.csproj", "{45D31251-95E5-4BF2-BC66-6A92324227EE}"
EndProject
Project("{2150E333-8FDC-42A3-9474-1A3956D46DE8}") = "Shared", "Shared", "{1DC79DAD-4005-4C3B-8481-74775C29081D}"
EndProject
Project("{FAE04EC0-301F-11D3-BF4B-00C04F79EFBC}") = "Kernel", "Shared\Kernel\Kernel.csproj", "{AD8D618B-DF4D-446A-A3B9-2659471E537F}"
EndProject
Global
	GlobalSection(SolutionConfigurationPlatforms) = preSolution
		Debug|Any CPU = Debug|Any CPU
		Release|Any CPU = Release|Any CPU
	EndGlobalSection
	GlobalSection(ProjectConfigurationPlatforms) = postSolution
		{57E38E67-C667-41E5-95C2-98D2DC3E50EA}.Debug|Any CPU.ActiveCfg = Debug|Any CPU
		{57E38E67-C667-41E5-95C2-98D2DC3E50EA}.Debug|Any CPU.Build.0 = Debug|Any CPU
		{57E38E67-C667-41E5-95C2-98D2DC3E50EA}.Release|Any CPU.ActiveCfg = Release|Any CPU
		{57E38E67-C667-41E5-95C2-98D2DC3E50EA}.Release|Any CPU.Build.0 = Release|Any CPU
		{1F659D47-7DCA-4805-B42A-7FB9DC714DA7}.Debug|Any CPU.ActiveCfg = Debug|Any CPU
		{1F659D47-7DCA-4805-B42A-7FB9DC714DA7}.Debug|Any CPU.Build.0 = Debug|Any CPU
		{1F659D47-7DCA-4805-B42A-7FB9DC714DA7}.Release|Any CPU.ActiveCfg = Release|Any CPU
		{1F659D47-7DCA-4805-B42A-7FB9DC714DA7}.Release|Any CPU.Build.0 = Release|Any CPU
		{F7F15F96-8BC1-4303-BEC0-F88BA921A7C5}.Debug|Any CPU.ActiveCfg = Debug|Any CPU
		{F7F15F96-8BC1-4303-BEC0-F88BA921A7C5}.Debug|Any CPU.Build.0 = Debug|Any CPU
		{F7F15F96-8BC1-4303-BEC0-F88BA921A7C5}.Release|Any CPU.ActiveCfg = Release|Any CPU
		{F7F15F96-8BC1-4303-BEC0-F88BA921A7C5}.Release|Any CPU.Build.0 = Release|Any CPU
		{D61F4DF8-DAA4-4051-A232-89299CA3FD49}.Debug|Any CPU.ActiveCfg = Debug|Any CPU
		{D61F4DF8-DAA4-4051-A232-89299CA3FD49}.Debug|Any CPU.Build.0 = Debug|Any CPU
		{D61F4DF8-DAA4-4051-A232-89299CA3FD49}.Release|Any CPU.ActiveCfg = Release|Any CPU
		{D61F4DF8-DAA4-4051-A232-89299CA3FD49}.Release|Any CPU.Build.0 = Release|Any CPU
		{BFEC18E6-CA3F-42AC-AB32-AEBA70AB9603}.Debug|Any CPU.ActiveCfg = Debug|Any CPU
		{BFEC18E6-CA3F-42AC-AB32-AEBA70AB9603}.Debug|Any CPU.Build.0 = Debug|Any CPU
		{BFEC18E6-CA3F-42AC-AB32-AEBA70AB9603}.Release|Any CPU.ActiveCfg = Release|Any CPU
		{BFEC18E6-CA3F-42AC-AB32-AEBA70AB9603}.Release|Any CPU.Build.0 = Release|Any CPU
		{B1995E22-8ED7-4C89-97CE-B062533E5BE8}.Debug|Any CPU.ActiveCfg = Debug|Any CPU
		{B1995E22-8ED7-4C89-97CE-B062533E5BE8}.Debug|Any CPU.Build.0 = Debug|Any CPU
		{B1995E22-8ED7-4C89-97CE-B062533E5BE8}.Release|Any CPU.ActiveCfg = Release|Any CPU
		{B1995E22-8ED7-4C89-97CE-B062533E5BE8}.Release|Any CPU.Build.0 = Release|Any CPU
		{3F5D097A-C4C9-4D65-9602-9FC2A423D800}.Debug|Any CPU.ActiveCfg = Debug|Any CPU
		{3F5D097A-C4C9-4D65-9602-9FC2A423D800}.Debug|Any CPU.Build.0 = Debug|Any CPU
		{3F5D097A-C4C9-4D65-9602-9FC2A423D800}.Release|Any CPU.ActiveCfg = Release|Any CPU
		{3F5D097A-C4C9-4D65-9602-9FC2A423D800}.Release|Any CPU.Build.0 = Release|Any CPU
		{7AC1DFDB-F57C-43CB-B86C-1BCBB6AA448B}.Debug|Any CPU.ActiveCfg = Debug|Any CPU
		{7AC1DFDB-F57C-43CB-B86C-1BCBB6AA448B}.Debug|Any CPU.Build.0 = Debug|Any CPU
		{7AC1DFDB-F57C-43CB-B86C-1BCBB6AA448B}.Release|Any CPU.ActiveCfg = Release|Any CPU
		{7AC1DFDB-F57C-43CB-B86C-1BCBB6AA448B}.Release|Any CPU.Build.0 = Release|Any CPU
		{757BF6BC-D97D-45EA-A36E-B5854BB5801F}.Debug|Any CPU.ActiveCfg = Debug|Any CPU
		{757BF6BC-D97D-45EA-A36E-B5854BB5801F}.Debug|Any CPU.Build.0 = Debug|Any CPU
		{757BF6BC-D97D-45EA-A36E-B5854BB5801F}.Release|Any CPU.ActiveCfg = Release|Any CPU
		{757BF6BC-D97D-45EA-A36E-B5854BB5801F}.Release|Any CPU.Build.0 = Release|Any CPU
		{6E0BD608-AEBA-4881-BFBE-331EDC17202B}.Debug|Any CPU.ActiveCfg = Debug|Any CPU
		{6E0BD608-AEBA-4881-BFBE-331EDC17202B}.Debug|Any CPU.Build.0 = Debug|Any CPU
		{6E0BD608-AEBA-4881-BFBE-331EDC17202B}.Release|Any CPU.ActiveCfg = Release|Any CPU
		{6E0BD608-AEBA-4881-BFBE-331EDC17202B}.Release|Any CPU.Build.0 = Release|Any CPU
		{1FC00E13-79AD-429A-862B-7F14A6975B4D}.Debug|Any CPU.ActiveCfg = Debug|Any CPU
		{1FC00E13-79AD-429A-862B-7F14A6975B4D}.Debug|Any CPU.Build.0 = Debug|Any CPU
		{1FC00E13-79AD-429A-862B-7F14A6975B4D}.Release|Any CPU.ActiveCfg = Release|Any CPU
		{1FC00E13-79AD-429A-862B-7F14A6975B4D}.Release|Any CPU.Build.0 = Release|Any CPU
		{45D31251-95E5-4BF2-BC66-6A92324227EE}.Debug|Any CPU.ActiveCfg = Debug|Any CPU
		{45D31251-95E5-4BF2-BC66-6A92324227EE}.Debug|Any CPU.Build.0 = Debug|Any CPU
		{45D31251-95E5-4BF2-BC66-6A92324227EE}.Release|Any CPU.ActiveCfg = Release|Any CPU
		{45D31251-95E5-4BF2-BC66-6A92324227EE}.Release|Any CPU.Build.0 = Release|Any CPU
		{AD8D618B-DF4D-446A-A3B9-2659471E537F}.Debug|Any CPU.ActiveCfg = Debug|Any CPU
		{AD8D618B-DF4D-446A-A3B9-2659471E537F}.Debug|Any CPU.Build.0 = Debug|Any CPU
		{AD8D618B-DF4D-446A-A3B9-2659471E537F}.Release|Any CPU.ActiveCfg = Release|Any CPU
		{AD8D618B-DF4D-446A-A3B9-2659471E537F}.Release|Any CPU.Build.0 = Release|Any CPU
	EndGlobalSection
	GlobalSection(SolutionProperties) = preSolution
		HideSolutionNode = FALSE
	EndGlobalSection
	GlobalSection(NestedProjects) = preSolution
		{57E38E67-C667-41E5-95C2-98D2DC3E50EA} = {7A10A936-5C0A-476A-AFC4-C5CF8457BBE0}
		{1F659D47-7DCA-4805-B42A-7FB9DC714DA7} = {7A10A936-5C0A-476A-AFC4-C5CF8457BBE0}
		{F7F15F96-8BC1-4303-BEC0-F88BA921A7C5} = {7A10A936-5C0A-476A-AFC4-C5CF8457BBE0}
		{D61F4DF8-DAA4-4051-A232-89299CA3FD49} = {7A10A936-5C0A-476A-AFC4-C5CF8457BBE0}
		{BFEC18E6-CA3F-42AC-AB32-AEBA70AB9603} = {7A10A936-5C0A-476A-AFC4-C5CF8457BBE0}
		{B1995E22-8ED7-4C89-97CE-B062533E5BE8} = {726AAF26-0B24-4525-99A3-955F0E354C71}
		{3F5D097A-C4C9-4D65-9602-9FC2A423D800} = {726AAF26-0B24-4525-99A3-955F0E354C71}
		{7AC1DFDB-F57C-43CB-B86C-1BCBB6AA448B} = {726AAF26-0B24-4525-99A3-955F0E354C71}
		{757BF6BC-D97D-45EA-A36E-B5854BB5801F} = {726AAF26-0B24-4525-99A3-955F0E354C71}
		{6E0BD608-AEBA-4881-BFBE-331EDC17202B} = {726AAF26-0B24-4525-99A3-955F0E354C71}
		{1FC00E13-79AD-429A-862B-7F14A6975B4D} = {726AAF26-0B24-4525-99A3-955F0E354C71}
		{45D31251-95E5-4BF2-BC66-6A92324227EE} = {7A10A936-5C0A-476A-AFC4-C5CF8457BBE0}
		{AD8D618B-DF4D-446A-A3B9-2659471E537F} = {1DC79DAD-4005-4C3B-8481-74775C29081D}
	EndGlobalSection
	GlobalSection(ExtensibilityGlobals) = postSolution
		SolutionGuid = {0C79446D-BC27-4CF7-A8BE-68A6288E404E}
	EndGlobalSection
EndGlobal
